
Microsoft Visual Studio Solution File, Format Version 12.00
# Visual Studio Version 17
VisualStudioVersion = 17.0.32126.317
MinimumVisualStudioVersion = 10.0.40219.1
Project("{9A19103F-16F7-4668-BE54-9A1E7A4F7556}") = "WPFPrintingService", "WPFPrintingService\WPFPrintingService.csproj", "{E8485AA2-B791-47E0-846E-390F9C97CB0D}"
EndProject
Project("{54435603-DBB4-11D2-8724-00A0C9A8B90C}") = "PrintingServiceInstaller", "PrintingServiceInstaller\PrintingServiceInstaller.vdproj", "{2DD92122-E898-4E68-B1BB-7FFE13D9FEA6}"
EndProject
Global
	GlobalSection(SolutionConfigurationPlatforms) = preSolution
		Debug|Any CPU = Debug|Any CPU
		Release|Any CPU = Release|Any CPU
	EndGlobalSection
	GlobalSection(ProjectConfigurationPlatforms) = postSolution
		{E8485AA2-B791-47E0-846E-390F9C97CB0D}.Debug|Any CPU.ActiveCfg = Debug|Any CPU
		{E8485AA2-B791-47E0-846E-390F9C97CB0D}.Debug|Any CPU.Build.0 = Debug|Any CPU
		{E8485AA2-B791-47E0-846E-390F9C97CB0D}.Release|Any CPU.ActiveCfg = Release|Any CPU
		{E8485AA2-B791-47E0-846E-390F9C97CB0D}.Release|Any CPU.Build.0 = Release|Any CPU
		{2DD92122-E898-4E68-B1BB-7FFE13D9FEA6}.Debug|Any CPU.ActiveCfg = Release
		{2DD92122-E898-4E68-B1BB-7FFE13D9FEA6}.Release|Any CPU.ActiveCfg = Release
	EndGlobalSection
	GlobalSection(SolutionProperties) = preSolution
		HideSolutionNode = FALSE
	EndGlobalSection
	GlobalSection(ExtensibilityGlobals) = postSolution
		SolutionGuid = {E64EC192-A812-456B-91B9-7F2E6AADFA20}
	EndGlobalSection
EndGlobal
